
Microsoft Visual Studio Solution File, Format Version 12.00
# Visual Studio Version 16
VisualStudioVersion = 16.0.31321.278
MinimumVisualStudioVersion = 10.0.40219.1
Project("{FAE04EC0-301F-11D3-BF4B-00C04F79EFBC}") = "JoccBotV2", "JoccBotV2.csproj", "{DABBAB4A-A9E0-48B4-879B-96EB35FFE6BF}"
EndProject
Global
	GlobalSection(SolutionConfigurationPlatforms) = preSolution
		Debug|Any CPU = Debug|Any CPU
		Release|Any CPU = Release|Any CPU
	EndGlobalSection
	GlobalSection(ProjectConfigurationPlatforms) = postSolution
		{DABBAB4A-A9E0-48B4-879B-96EB35FFE6BF}.Debug|Any CPU.ActiveCfg = Debug|Any CPU
		{DABBAB4A-A9E0-48B4-879B-96EB35FFE6BF}.Debug|Any CPU.Build.0 = Debug|Any CPU
		{DABBAB4A-A9E0-48B4-879B-96EB35FFE6BF}.Release|Any CPU.ActiveCfg = Release|Any CPU
		{DABBAB4A-A9E0-48B4-879B-96EB35FFE6BF}.Release|Any CPU.Build.0 = Release|Any CPU
	EndGlobalSection
	GlobalSection(SolutionProperties) = preSolution
		HideSolutionNode = FALSE
	EndGlobalSection
	GlobalSection(ExtensibilityGlobals) = postSolution
		SolutionGuid = {D1BD3E24-248E-4FA2-9A9A-BDE4AC71BDBA}
	EndGlobalSection
EndGlobal
